
Microsoft Visual Studio Solution File, Format Version 12.00
# Visual Studio Version 16
VisualStudioVersion = 16.0.30309.148
MinimumVisualStudioVersion = 10.0.40219.1
Project("{FAE04EC0-301F-11D3-BF4B-00C04F79EFBC}") = "DeweyLMS", "DeweyLMS\DeweyLMS.csproj", "{B2EBD064-6C7B-4BD9-8E36-115EA299D280}"
EndProject
Global
	GlobalSection(SolutionConfigurationPlatforms) = preSolution
		Debug|Any CPU = Debug|Any CPU
		Release|Any CPU = Release|Any CPU
	EndGlobalSection
	GlobalSection(ProjectConfigurationPlatforms) = postSolution
		{B2EBD064-6C7B-4BD9-8E36-115EA299D280}.Debug|Any CPU.ActiveCfg = Debug|Any CPU
		{B2EBD064-6C7B-4BD9-8E36-115EA299D280}.Debug|Any CPU.Build.0 = Debug|Any CPU
		{B2EBD064-6C7B-4BD9-8E36-115EA299D280}.Release|Any CPU.ActiveCfg = Release|Any CPU
		{B2EBD064-6C7B-4BD9-8E36-115EA299D280}.Release|Any CPU.Build.0 = Release|Any CPU
	EndGlobalSection
	GlobalSection(SolutionProperties) = preSolution
		HideSolutionNode = FALSE
	EndGlobalSection
	GlobalSection(ExtensibilityGlobals) = postSolution
		SolutionGuid = {E309EB20-1071-4AD3-8E1A-7E3475F91B94}
	EndGlobalSection
EndGlobal
